{
  "pins" : [
    {
      "identity" : "jinja",
      "kind" : "remoteSourceControl",
      "location" : "https://github.com/johnmai-dev/Jinja",
      "state" : {
        "revision" : "bbddb92fc51ae420b87300298370fd1dfc308f73",
        "version" : "1.1.1"
      }
    },
    {
      "identity" : "swift-argument-parser",
      "kind" : "remoteSourceControl",
      "location" : "https://github.com/apple/swift-argument-parser.git",
      "state" : {
        "revision" : "0fbc8848e389af3bb55c182bc19ca9d5dc2f255b",
        "version" : "1.4.0"
      }
    },
    {
      "identity" : "swift-collections",
      "kind" : "remoteSourceControl",
      "location" : "https://github.com/apple/swift-collections.git",
      "state" : {
        "revision" : "671108c96644956dddcd89dd59c203dcdb36cec7",
        "version" : "1.1.4"
      }
    },
    {
      "identity" : "swift-transformers",
      "kind" : "remoteSourceControl",
      "location" : "https://github.com/huggingface/swift-transformers.git",
      "state" : {
        "revision" : "55710ddfb1ae804b4b7ce973be75cf2e41272185",
        "version" : "0.1.17"
      }
    }
  ],
  "version" : 2
}
